
Microsoft Visual Studio Solution File, Format Version 12.00
# Visual Studio Version 17
VisualStudioVersion = 17.13.35825.156 d17.13
MinimumVisualStudioVersion = 10.0.40219.1
Project("{FAE04EC0-301F-11D3-BF4B-00C04F79EFBC}") = "VSC_AdHocDataSource", "VSC_AdHocDataSource\VSC_AdHocDataSource.csproj", "{8BD6A95B-C82C-45C7-939E-355EC90AE56E}"
EndProject
Global
	GlobalSection(SolutionConfigurationPlatforms) = preSolution
		Debug|Any CPU = Debug|Any CPU
		Release|Any CPU = Release|Any CPU
	EndGlobalSection
	GlobalSection(ProjectConfigurationPlatforms) = postSolution
		{8BD6A95B-C82C-45C7-939E-355EC90AE56E}.Debug|Any CPU.ActiveCfg = Debug|Any CPU
		{8BD6A95B-C82C-45C7-939E-355EC90AE56E}.Debug|Any CPU.Build.0 = Debug|Any CPU
		{8BD6A95B-C82C-45C7-939E-355EC90AE56E}.Release|Any CPU.ActiveCfg = Release|Any CPU
		{8BD6A95B-C82C-45C7-939E-355EC90AE56E}.Release|Any CPU.Build.0 = Release|Any CPU
	EndGlobalSection
	GlobalSection(SolutionProperties) = preSolution
		HideSolutionNode = FALSE
	EndGlobalSection
	GlobalSection(ExtensibilityGlobals) = postSolution
		SolutionGuid = {79F2B425-960D-4999-A0A4-B54CBF116A23}
	EndGlobalSection
EndGlobal
